
Microsoft Visual Studio Solution File, Format Version 12.00
# Visual Studio 15
VisualStudioVersion = 15.0.26124.0
MinimumVisualStudioVersion = 15.0.26124.0
Project("{FAE04EC0-301F-11D3-BF4B-00C04F79EFBC}") = "BlabberApp.Client", "..\BlabberApp.Client\BlabberApp.Client.csproj", "{448ABE4E-6DD1-43C5-8C75-BE7AB81C5510}"
EndProject
Project("{FAE04EC0-301F-11D3-BF4B-00C04F79EFBC}") = "BlabberApp.Console", "..\BlabberApp.Console\BlabberApp.Console.csproj", "{E85F9FD1-C1C9-425D-9DCE-E8A3C0ADF32C}"
EndProject
Project("{FAE04EC0-301F-11D3-BF4B-00C04F79EFBC}") = "BlabberApp.DataStore", "..\BlabberApp.DataStore\BlabberApp.DataStore.csproj", "{531E65A8-9755-4346-AD14-37CF81C43A28}"
EndProject
Project("{FAE04EC0-301F-11D3-BF4B-00C04F79EFBC}") = "BlabberApp.Domain", "..\BlabberApp.Domain\BlabberApp.Domain.csproj", "{61A73789-B159-473A-A2A3-0A734D5647CF}"
EndProject
Project("{FAE04EC0-301F-11D3-BF4B-00C04F79EFBC}") = "BlabberApp.WebApi", "..\BlabberApp.WebApi\BlabberApp.WebApi.csproj", "{C3F108B2-001C-4E7A-8165-01658F465353}"
EndProject
Global
	GlobalSection(SolutionConfigurationPlatforms) = preSolution
		Debug|Any CPU = Debug|Any CPU
		Debug|x64 = Debug|x64
		Debug|x86 = Debug|x86
		Release|Any CPU = Release|Any CPU
		Release|x64 = Release|x64
		Release|x86 = Release|x86
	EndGlobalSection
	GlobalSection(SolutionProperties) = preSolution
		HideSolutionNode = FALSE
	EndGlobalSection
	GlobalSection(ProjectConfigurationPlatforms) = postSolution
		{448ABE4E-6DD1-43C5-8C75-BE7AB81C5510}.Debug|Any CPU.ActiveCfg = Debug|Any CPU
		{448ABE4E-6DD1-43C5-8C75-BE7AB81C5510}.Debug|Any CPU.Build.0 = Debug|Any CPU
		{448ABE4E-6DD1-43C5-8C75-BE7AB81C5510}.Debug|x64.ActiveCfg = Debug|Any CPU
		{448ABE4E-6DD1-43C5-8C75-BE7AB81C5510}.Debug|x64.Build.0 = Debug|Any CPU
		{448ABE4E-6DD1-43C5-8C75-BE7AB81C5510}.Debug|x86.ActiveCfg = Debug|Any CPU
		{448ABE4E-6DD1-43C5-8C75-BE7AB81C5510}.Debug|x86.Build.0 = Debug|Any CPU
		{448ABE4E-6DD1-43C5-8C75-BE7AB81C5510}.Release|Any CPU.ActiveCfg = Release|Any CPU
		{448ABE4E-6DD1-43C5-8C75-BE7AB81C5510}.Release|Any CPU.Build.0 = Release|Any CPU
		{448ABE4E-6DD1-43C5-8C75-BE7AB81C5510}.Release|x64.ActiveCfg = Release|Any CPU
		{448ABE4E-6DD1-43C5-8C75-BE7AB81C5510}.Release|x64.Build.0 = Release|Any CPU
		{448ABE4E-6DD1-43C5-8C75-BE7AB81C5510}.Release|x86.ActiveCfg = Release|Any CPU
		{448ABE4E-6DD1-43C5-8C75-BE7AB81C5510}.Release|x86.Build.0 = Release|Any CPU
		{E85F9FD1-C1C9-425D-9DCE-E8A3C0ADF32C}.Debug|Any CPU.ActiveCfg = Debug|Any CPU
		{E85F9FD1-C1C9-425D-9DCE-E8A3C0ADF32C}.Debug|Any CPU.Build.0 = Debug|Any CPU
		{E85F9FD1-C1C9-425D-9DCE-E8A3C0ADF32C}.Debug|x64.ActiveCfg = Debug|Any CPU
		{E85F9FD1-C1C9-425D-9DCE-E8A3C0ADF32C}.Debug|x64.Build.0 = Debug|Any CPU
		{E85F9FD1-C1C9-425D-9DCE-E8A3C0ADF32C}.Debug|x86.ActiveCfg = Debug|Any CPU
		{E85F9FD1-C1C9-425D-9DCE-E8A3C0ADF32C}.Debug|x86.Build.0 = Debug|Any CPU
		{E85F9FD1-C1C9-425D-9DCE-E8A3C0ADF32C}.Release|Any CPU.ActiveCfg = Release|Any CPU
		{E85F9FD1-C1C9-425D-9DCE-E8A3C0ADF32C}.Release|Any CPU.Build.0 = Release|Any CPU
		{E85F9FD1-C1C9-425D-9DCE-E8A3C0ADF32C}.Release|x64.ActiveCfg = Release|Any CPU
		{E85F9FD1-C1C9-425D-9DCE-E8A3C0ADF32C}.Release|x64.Build.0 = Release|Any CPU
		{E85F9FD1-C1C9-425D-9DCE-E8A3C0ADF32C}.Release|x86.ActiveCfg = Release|Any CPU
		{E85F9FD1-C1C9-425D-9DCE-E8A3C0ADF32C}.Release|x86.Build.0 = Release|Any CPU
		{531E65A8-9755-4346-AD14-37CF81C43A28}.Debug|Any CPU.ActiveCfg = Debug|Any CPU
		{531E65A8-9755-4346-AD14-37CF81C43A28}.Debug|Any CPU.Build.0 = Debug|Any CPU
		{531E65A8-9755-4346-AD14-37CF81C43A28}.Debug|x64.ActiveCfg = Debug|Any CPU
		{531E65A8-9755-4346-AD14-37CF81C43A28}.Debug|x64.Build.0 = Debug|Any CPU
		{531E65A8-9755-4346-AD14-37CF81C43A28}.Debug|x86.ActiveCfg = Debug|Any CPU
		{531E65A8-9755-4346-AD14-37CF81C43A28}.Debug|x86.Build.0 = Debug|Any CPU
		{531E65A8-9755-4346-AD14-37CF81C43A28}.Release|Any CPU.ActiveCfg = Release|Any CPU
		{531E65A8-9755-4346-AD14-37CF81C43A28}.Release|Any CPU.Build.0 = Release|Any CPU
		{531E65A8-9755-4346-AD14-37CF81C43A28}.Release|x64.ActiveCfg = Release|Any CPU
		{531E65A8-9755-4346-AD14-37CF81C43A28}.Release|x64.Build.0 = Release|Any CPU
		{531E65A8-9755-4346-AD14-37CF81C43A28}.Release|x86.ActiveCfg = Release|Any CPU
		{531E65A8-9755-4346-AD14-37CF81C43A28}.Release|x86.Build.0 = Release|Any CPU
		{61A73789-B159-473A-A2A3-0A734D5647CF}.Debug|Any CPU.ActiveCfg = Debug|Any CPU
		{61A73789-B159-473A-A2A3-0A734D5647CF}.Debug|Any CPU.Build.0 = Debug|Any CPU
		{61A73789-B159-473A-A2A3-0A734D5647CF}.Debug|x64.ActiveCfg = Debug|Any CPU
		{61A73789-B159-473A-A2A3-0A734D5647CF}.Debug|x64.Build.0 = Debug|Any CPU
		{61A73789-B159-473A-A2A3-0A734D5647CF}.Debug|x86.ActiveCfg = Debug|Any CPU
		{61A73789-B159-473A-A2A3-0A734D5647CF}.Debug|x86.Build.0 = Debug|Any CPU
		{61A73789-B159-473A-A2A3-0A734D5647CF}.Release|Any CPU.ActiveCfg = Release|Any CPU
		{61A73789-B159-473A-A2A3-0A734D5647CF}.Release|Any CPU.Build.0 = Release|Any CPU
		{61A73789-B159-473A-A2A3-0A734D5647CF}.Release|x64.ActiveCfg = Release|Any CPU
		{61A73789-B159-473A-A2A3-0A734D5647CF}.Release|x64.Build.0 = Release|Any CPU
		{61A73789-B159-473A-A2A3-0A734D5647CF}.Release|x86.ActiveCfg = Release|Any CPU
		{61A73789-B159-473A-A2A3-0A734D5647CF}.Release|x86.Build.0 = Release|Any CPU
		{C3F108B2-001C-4E7A-8165-01658F465353}.Debug|Any CPU.ActiveCfg = Debug|Any CPU
		{C3F108B2-001C-4E7A-8165-01658F465353}.Debug|Any CPU.Build.0 = Debug|Any CPU
		{C3F108B2-001C-4E7A-8165-01658F465353}.Debug|x64.ActiveCfg = Debug|Any CPU
		{C3F108B2-001C-4E7A-8165-01658F465353}.Debug|x64.Build.0 = Debug|Any CPU
		{C3F108B2-001C-4E7A-8165-01658F465353}.Debug|x86.ActiveCfg = Debug|Any CPU
		{C3F108B2-001C-4E7A-8165-01658F465353}.Debug|x86.Build.0 = Debug|Any CPU
		{C3F108B2-001C-4E7A-8165-01658F465353}.Release|Any CPU.ActiveCfg = Release|Any CPU
		{C3F108B2-001C-4E7A-8165-01658F465353}.Release|Any CPU.Build.0 = Release|Any CPU
		{C3F108B2-001C-4E7A-8165-01658F465353}.Release|x64.ActiveCfg = Release|Any CPU
		{C3F108B2-001C-4E7A-8165-01658F465353}.Release|x64.Build.0 = Release|Any CPU
		{C3F108B2-001C-4E7A-8165-01658F465353}.Release|x86.ActiveCfg = Release|Any CPU
		{C3F108B2-001C-4E7A-8165-01658F465353}.Release|x86.Build.0 = Release|Any CPU
	EndGlobalSection
EndGlobal
